<?xml version="1.0" encoding="utf-8"?>
<Project ToolsVersion="4.0" xmlns="http://schemas.microsoft.com/developer/msbuild/2003">
  <ItemGroup>
    <Filter Include="Pliki źródłowe">
      <UniqueIdentifier>{4FC737F1-C7A5-4376-A066-2A32D752A2FF}</UniqueIdentifier>
      <Extensions>cpp;c;cc;cxx;def;odl;idl;hpj;bat;asm;asmx</Extensions>
    </Filter>
    <Filter Include="Pliki nagłówkowe">
      <UniqueIdentifier>{93995380-89BD-4b04-88EB-625FBE52EBFB}</UniqueIdentifier>
      <Extensions>h;hh;hpp;hxx;hm;inl;inc;ipp;xsd</Extensions>
    </Filter>
    <Filter Include="Pliki zasobów">
      <UniqueIdentifier>{67DA6AB6-F800-4c08-8B7A-83BB121AAD01}</UniqueIdentifier>
      <Extensions>rc;ico;cur;bmp;dlg;rc2;rct;bin;rgs;gif;jpg;jpeg;jpe;resx;tiff;tif;png;wav;mfcribbon-ms</Extensions>
    </Filter>
    <Filter Include="Pliki źródłowe\Navigation">
      <UniqueIdentifier>{764d5984-4c99-47c5-b7e1-0be2322112c6}</UniqueIdentifier>
    </Filter>
    <Filter Include="Pliki nagłówkowe\Navigation">
      <UniqueIdentifier>{d56d076e-22ca-41c7-bd7e-9f39d7e3c50b}</UniqueIdentifier>
    </Filter>
    <Filter Include="Pliki nagłówkowe\UI">
      <UniqueIdentifier>{668e159f-cb06-4230-b5a0-a8aaeb601786}</UniqueIdentifier>
    </Filter>
    <Filter Include="Pliki źródłowe\UI">
      <UniqueIdentifier>{853332b3-c926-498f-80e7-bb58fdb0f6f7}</UniqueIdentifier>
    </Filter>
  </ItemGroup>
  <ItemGroup>
    <ClCompile Include="Game.cpp">
      <Filter>Pliki źródłowe</Filter>
    </ClCompile>
    <ClCompile Include="main.cpp">
      <Filter>Pliki źródłowe</Filter>
    </ClCompile>
    <ClCompile Include="World.cpp">
      <Filter>Pliki źródłowe</Filter>
    </ClCompile>
    <ClCompile Include="AssetAdmin.cpp">
      <Filter>Pliki źródłowe</Filter>
    </ClCompile>
    <ClCompile Include="ScreenMainMenu.cpp">
      <Filter>Pliki źródłowe\Navigation</Filter>
    </ClCompile>
    <ClCompile Include="ScreenMenu.cpp">
      <Filter>Pliki źródłowe\Navigation</Filter>
    </ClCompile>
    <ClCompile Include="ScreenNewGame.cpp">
      <Filter>Pliki źródłowe\Navigation</Filter>
    </ClCompile>
    <ClCompile Include="ScreenPlay.cpp">
      <Filter>Pliki źródłowe\Navigation</Filter>
    </ClCompile>
    <ClCompile Include="ScreenLoadGame.cpp">
      <Filter>Pliki źródłowe\Navigation</Filter>
    </ClCompile>
    <ClCompile Include="Navigator.cpp">
      <Filter>Pliki źródłowe\Navigation</Filter>
    </ClCompile>
    <ClCompile Include="Label.cpp">
      <Filter>Pliki źródłowe\UI</Filter>
    </ClCompile>
    <ClCompile Include="Button.cpp">
      <Filter>Pliki źródłowe\UI</Filter>
    </ClCompile>
    <ClCompile Include="UIGrid.cpp">
      <Filter>Pliki źródłowe\UI</Filter>
    </ClCompile>
    <ClCompile Include="Character.cpp">
      <Filter>Pliki źródłowe</Filter>
    </ClCompile>
    <ClCompile Include="Interpolation.cpp">
      <Filter>Pliki źródłowe</Filter>
    </ClCompile>
    <ClCompile Include="PerlinNoise.cpp">
      <Filter>Pliki źródłowe</Filter>
    </ClCompile>
    <ClCompile Include="SimpleAnimatedSprite.cpp">
      <Filter>Pliki źródłowe</Filter>
    </ClCompile>
    <ClCompile Include="AnimatedSprite.cpp">
      <Filter>Pliki źródłowe</Filter>
    </ClCompile>
    <ClCompile Include="Drill.cpp">
      <Filter>Pliki źródłowe</Filter>
    </ClCompile>
  </ItemGroup>
  <ItemGroup>
    <ClInclude Include="Game.hpp">
      <Filter>Pliki nagłówkowe</Filter>
    </ClInclude>
    <ClInclude Include="World.hpp">
      <Filter>Pliki nagłówkowe</Filter>
    </ClInclude>
    <ClInclude Include="AssetAdmin.hpp">
      <Filter>Pliki nagłówkowe</Filter>
    </ClInclude>
    <ClInclude Include="Utils.hpp">
      <Filter>Pliki nagłówkowe</Filter>
    </ClInclude>
    <ClInclude Include="Screen.hpp">
      <Filter>Pliki nagłówkowe\Navigation</Filter>
    </ClInclude>
    <ClInclude Include="ScreenMainMenu.hpp">
      <Filter>Pliki nagłówkowe\Navigation</Filter>
    </ClInclude>
    <ClInclude Include="ScreenMenu.hpp">
      <Filter>Pliki nagłówkowe\Navigation</Filter>
    </ClInclude>
    <ClInclude Include="ScreenNewGame.hpp">
      <Filter>Pliki nagłówkowe\Navigation</Filter>
    </ClInclude>
    <ClInclude Include="ScreenLoadGame.hpp">
      <Filter>Pliki nagłówkowe\Navigation</Filter>
    </ClInclude>
    <ClInclude Include="Navigator.hpp">
      <Filter>Pliki nagłówkowe\Navigation</Filter>
    </ClInclude>
    <ClInclude Include="ScreenPlay.hpp">
      <Filter>Pliki nagłówkowe\Navigation</Filter>
    </ClInclude>
    <ClInclude Include="Button.hpp">
      <Filter>Pliki nagłówkowe\UI</Filter>
    </ClInclude>
    <ClInclude Include="Label.hpp">
      <Filter>Pliki nagłówkowe\UI</Filter>
    </ClInclude>
    <ClInclude Include="UIElement.hpp">
      <Filter>Pliki nagłówkowe\UI</Filter>
    </ClInclude>
    <ClInclude Include="UIGrid.hpp">
      <Filter>Pliki nagłówkowe\UI</Filter>
    </ClInclude>
    <ClInclude Include="Character.hpp">
      <Filter>Pliki nagłówkowe</Filter>
    </ClInclude>
    <ClInclude Include="Interpolation.hpp">
      <Filter>Pliki nagłówkowe</Filter>
    </ClInclude>
    <ClInclude Include="PerlinNoise.hpp">
      <Filter>Pliki nagłówkowe</Filter>
    </ClInclude>
    <ClInclude Include="SimpleAnimatedSprite.hpp">
      <Filter>Pliki nagłówkowe</Filter>
    </ClInclude>
    <ClInclude Include="AnimatedSprite.hpp">
      <Filter>Pliki nagłówkowe</Filter>
    </ClInclude>
    <ClInclude Include="Definitions.hpp">
      <Filter>Pliki nagłówkowe</Filter>
    </ClInclude>
    <ClInclude Include="Drill.hpp">
      <Filter>Pliki nagłówkowe</Filter>
    </ClInclude>
  </ItemGroup>
</Project>